<?xml version="1.0"?>
<Project ToolsVersion="14.0" xmlns="http://schemas.microsoft.com/developer/msbuild/2003">
  <ItemGroup>
    <Filter Include="FBSDKLoginKit">
      <UniqueIdentifier>{EBB4C071-FBB9-4787-8669-62B04E6F129D}</UniqueIdentifier>
    </Filter>
    <Filter Include="FBSDKLoginKit\Internal">
      <UniqueIdentifier>{6425AE8F-284D-43D1-93E6-A06DA55B6ACB}</UniqueIdentifier>
    </Filter>
    <Filter Include="FBSDKLoginKitTests">
      <UniqueIdentifier>{E699E465-C673-4F55-BFFE-0392FFD58859}</UniqueIdentifier>
    </Filter>
  </ItemGroup>
  <ItemGroup>
    <ClInclude Include="$(MSBuildThisFileDirectory)..\..\FBSDKLoginKit\FBSDKLoginButton.h">
      <Filter>FBSDKLoginKit</Filter>
    </ClInclude>
    <ClInclude Include="$(MSBuildThisFileDirectory)..\..\FBSDKLoginKit\FBSDKLoginConstants.h">
      <Filter>FBSDKLoginKit</Filter>
    </ClInclude>
    <ClInclude Include="$(MSBuildThisFileDirectory)..\..\FBSDKLoginKit\FBSDKLoginKit.h">
      <Filter>FBSDKLoginKit</Filter>
    </ClInclude>
    <ClInclude Include="$(MSBuildThisFileDirectory)..\..\FBSDKLoginKit\FBSDKLoginManager.h">
      <Filter>FBSDKLoginKit</Filter>
    </ClInclude>
    <ClInclude Include="$(MSBuildThisFileDirectory)..\..\FBSDKLoginKit\FBSDKLoginManagerLoginResult.h">
      <Filter>FBSDKLoginKit</Filter>
    </ClInclude>
    <ClInclude Include="$(MSBuildThisFileDirectory)..\..\FBSDKLoginKit\FBSDKLoginTooltipView.h">
      <Filter>FBSDKLoginKit</Filter>
    </ClInclude>
    <ClInclude Include="$(MSBuildThisFileDirectory)..\..\FBSDKLoginKit\FBSDKTooltipView.h">
      <Filter>FBSDKLoginKit</Filter>
    </ClInclude>
    <ClInclude Include="$(MSBuildThisFileDirectory)..\..\FBSDKLoginKit\Internal\_FBSDKLoginRecoveryAttempter.h">
      <Filter>FBSDKLoginKit\Internal</Filter>
    </ClInclude>
    <ClInclude Include="$(MSBuildThisFileDirectory)..\..\..\FBSDKCoreKit\FBSDKCoreKit\Internal\FBSDKCoreKit+Internal.h">
      <Filter>FBSDKLoginKit\Internal</Filter>
    </ClInclude>
    <ClInclude Include="$(MSBuildThisFileDirectory)..\..\FBSDKLoginKit\Internal\FBSDKLoginCompletion.h">
      <Filter>FBSDKLoginKit\Internal</Filter>
    </ClInclude>
    <ClInclude Include="$(MSBuildThisFileDirectory)..\..\FBSDKLoginKit\Internal\FBSDKLoginCompletion+Internal.h">
      <Filter>FBSDKLoginKit\Internal</Filter>
    </ClInclude>
    <ClInclude Include="$(MSBuildThisFileDirectory)..\..\FBSDKLoginKit\Internal\FBSDKLoginError.h">
      <Filter>FBSDKLoginKit\Internal</Filter>
    </ClInclude>
    <ClInclude Include="$(MSBuildThisFileDirectory)..\..\FBSDKLoginKit\Internal\FBSDKLoginKit+Internal.h">
      <Filter>FBSDKLoginKit\Internal</Filter>
    </ClInclude>
    <ClInclude Include="$(MSBuildThisFileDirectory)..\..\FBSDKLoginKit\Internal\FBSDKLoginManager+Internal.h">
      <Filter>FBSDKLoginKit\Internal</Filter>
    </ClInclude>
    <ClInclude Include="$(MSBuildThisFileDirectory)..\..\FBSDKLoginKit\Internal\FBSDKLoginManagerLogger.h">
      <Filter>FBSDKLoginKit\Internal</Filter>
    </ClInclude>
    <ClInclude Include="$(MSBuildThisFileDirectory)..\..\FBSDKLoginKit\Internal\FBSDKLoginManagerLoginResult+Internal.h">
      <Filter>FBSDKLoginKit\Internal</Filter>
    </ClInclude>
    <ClInclude Include="$(MSBuildThisFileDirectory)..\..\FBSDKLoginKit\Internal\FBSDKLoginUtility.h">
      <Filter>FBSDKLoginKit\Internal</Filter>
    </ClInclude>
    <ClInclude Include="$(MSBuildThisFileDirectory)..\..\FBSDKLoginKitTests\FBSDKLoginUtilityTests.h">
      <Filter>FBSDKLoginKitTests</Filter>
    </ClInclude>
  </ItemGroup>
</Project>
